// !$*UTF8*$!
{
	archiveVersion = 1;
	classes = {
	};
	objectVersion = 48;
	objects = {

/* Begin PBXBuildFile section */
		53988F58204D29DC00E41AB9 /* AppDelegate.swift in Sources */ = {isa = PBXBuildFile; fileRef = 53988F57204D29DC00E41AB9 /* AppDelegate.swift */; };
		53988F5F204D29DC00E41AB9 /* Assets.xcassets in Resources */ = {isa = PBXBuildFile; fileRef = 53988F5E204D29DC00E41AB9 /* Assets.xcassets */; };
		53988F62204D29DC00E41AB9 /* LaunchScreen.storyboard in Resources */ = {isa = PBXBuildFile; fileRef = 53988F60204D29DC00E41AB9 /* LaunchScreen.storyboard */; };
		53988F6D204D29DC00E41AB9 /* TodoListTests.swift in Sources */ = {isa = PBXBuildFile; fileRef = 53988F6C204D29DC00E41AB9 /* TodoListTests.swift */; };
		53988F78204D29DC00E41AB9 /* TodoListUITests.swift in Sources */ = {isa = PBXBuildFile; fileRef = 53988F77204D29DC00E41AB9 /* TodoListUITests.swift */; };
		53988F87204D2A1000E41AB9 /* HCNavigationController.swift in Sources */ = {isa = PBXBuildFile; fileRef = 53988F86204D2A1000E41AB9 /* HCNavigationController.swift */; };
		53988F89204D2A2100E41AB9 /* TodoViewController.swift in Sources */ = {isa = PBXBuildFile; fileRef = 53988F88204D2A2100E41AB9 /* TodoViewController.swift */; };
		53988F8B204D2A2A00E41AB9 /* DetailViewController.swift in Sources */ = {isa = PBXBuildFile; fileRef = 53988F8A204D2A2A00E41AB9 /* DetailViewController.swift */; };
		53988F8D204D2F2500E41AB9 /* TodoModel.swift in Sources */ = {isa = PBXBuildFile; fileRef = 53988F8C204D2F2500E41AB9 /* TodoModel.swift */; };
		53988F93204D487C00E41AB9 /* TodoCell.swift in Sources */ = {isa = PBXBuildFile; fileRef = 53988F92204D487C00E41AB9 /* TodoCell.swift */; };
/* End PBXBuildFile section */

/* Begin PBXContainerItemProxy section */
		53988F69204D29DC00E41AB9 /* PBXContainerItemProxy */ = {
			isa = PBXContainerItemProxy;
			containerPortal = 53988F4C204D29DC00E41AB9 /* Project object */;
			proxyType = 1;
			remoteGlobalIDString = 53988F53204D29DC00E41AB9;
			remoteInfo = TodoList;
		};
		53988F74204D29DC00E41AB9 /* PBXContainerItemProxy */ = {
			isa = PBXContainerItemProxy;
			containerPortal = 53988F4C204D29DC00E41AB9 /* Project object */;
			proxyType = 1;
			remoteGlobalIDString = 53988F53204D29DC00E41AB9;
			remoteInfo = TodoList;
		};
/* End PBXContainerItemProxy section */

/* Begin PBXFileReference section */
		53988F54204D29DC00E41AB9 /* TodoList.app */ = {isa = PBXFileReference; explicitFileType = wrapper.application; includeInIndex = 0; path = TodoList.app; sourceTree = BUILT_PRODUCTS_DIR; };
		53988F57204D29DC00E41AB9 /* AppDelegate.swift */ = {isa = PBXFileReference; lastKnownFileType = sourcecode.swift; path = AppDelegate.swift; sourceTree = "<group>"; };
		53988F5E204D29DC00E41AB9 /* Assets.xcassets */ = {isa = PBXFileReference; lastKnownFileType = folder.assetcatalog; path = Assets.xcassets; sourceTree = "<group>"; };
		53988F61204D29DC00E41AB9 /* Base */ = {isa = PBXFileReference; lastKnownFileType = file.storyboard; name = Base; path = Base.lproj/LaunchScreen.storyboard; sourceTree = "<group>"; };
		53988F63204D29DC00E41AB9 /* Info.plist */ = {isa = PBXFileReference; lastKnownFileType = text.plist.xml; path = Info.plist; sourceTree = "<group>"; };
		53988F68204D29DC00E41AB9 /* TodoListTests.xctest */ = {isa = PBXFileReference; explicitFileType = wrapper.cfbundle; includeInIndex = 0; path = TodoListTests.xctest; sourceTree = BUILT_PRODUCTS_DIR; };
		53988F6C204D29DC00E41AB9 /* TodoListTests.swift */ = {isa = PBXFileReference; lastKnownFileType = sourcecode.swift; path = TodoListTests.swift; sourceTree = "<group>"; };
		53988F6E204D29DC00E41AB9 /* Info.plist */ = {isa = PBXFileReference; lastKnownFileType = text.plist.xml; path = Info.plist; sourceTree = "<group>"; };
		53988F73204D29DC00E41AB9 /* TodoListUITests.xctest */ = {isa = PBXFileReference; explicitFileType = wrapper.cfbundle; includeInIndex = 0; path = TodoListUITests.xctest; sourceTree = BUILT_PRODUCTS_DIR; };
		53988F77204D29DC00E41AB9 /* TodoListUITests.swift */ = {isa = PBXFileReference; lastKnownFileType = sourcecode.swift; path = TodoListUITests.swift; sourceTree = "<group>"; };
		53988F79204D29DC00E41AB9 /* Info.plist */ = {isa = PBXFileReference; lastKnownFileType = text.plist.xml; path = Info.plist; sourceTree = "<group>"; };
		53988F86204D2A1000E41AB9 /* HCNavigationController.swift */ = {isa = PBXFileReference; lastKnownFileType = sourcecode.swift; path = HCNavigationController.swift; sourceTree = "<group>"; };
		53988F88204D2A2100E41AB9 /* TodoViewController.swift */ = {isa = PBXFileReference; lastKnownFileType = sourcecode.swift; path = TodoViewController.swift; sourceTree = "<group>"; };
		53988F8A204D2A2A00E41AB9 /* DetailViewController.swift */ = {isa = PBXFileReference; lastKnownFileType = sourcecode.swift; path = DetailViewController.swift; sourceTree = "<group>"; };
		53988F8C204D2F2500E41AB9 /* TodoModel.swift */ = {isa = PBXFileReference; lastKnownFileType = sourcecode.swift; path = TodoModel.swift; sourceTree = "<group>"; };
		53988F92204D487C00E41AB9 /* TodoCell.swift */ = {isa = PBXFileReference; lastKnownFileType = sourcecode.swift; path = TodoCell.swift; sourceTree = "<group>"; };
/* End PBXFileReference section */

/* Begin PBXFrameworksBuildPhase section */
		53988F51204D29DC00E41AB9 /* Frameworks */ = {
			isa = PBXFrameworksBuildPhase;
			buildActionMask = 2147483647;
			files = (
			);
			runOnlyForDeploymentPostprocessing = 0;
		};
		53988F65204D29DC00E41AB9 /* Frameworks */ = {
			isa = PBXFrameworksBuildPhase;
			buildActionMask = 2147483647;
			files = (
			);
			runOnlyForDeploymentPostprocessing = 0;
		};
		53988F70204D29DC00E41AB9 /* Frameworks */ = {
			isa = PBXFrameworksBuildPhase;
			buildActionMask = 2147483647;
			files = (
			);
			runOnlyForDeploymentPostprocessing = 0;
		};
/* End PBXFrameworksBuildPhase section */

/* Begin PBXGroup section */
		53988F4B204D29DC00E41AB9 = {
			isa = PBXGroup;
			children = (
				53988F56204D29DC00E41AB9 /* TodoList */,
				53988F6B204D29DC00E41AB9 /* TodoListTests */,
				53988F76204D29DC00E41AB9 /* TodoListUITests */,
				53988F55204D29DC00E41AB9 /* Products */,
			);
			sourceTree = "<group>";
		};
		53988F55204D29DC00E41AB9 /* Products */ = {
			isa = PBXGroup;
			children = (
				53988F54204D29DC00E41AB9 /* TodoList.app */,
				53988F68204D29DC00E41AB9 /* TodoListTests.xctest */,
				53988F73204D29DC00E41AB9 /* TodoListUITests.xctest */,
			);
			name = Products;
			sourceTree = "<group>";
		};
		53988F56204D29DC00E41AB9 /* TodoList */ = {
			isa = PBXGroup;
			children = (
				53988F85204D29FC00E41AB9 /* MainFrames */,
				53988F57204D29DC00E41AB9 /* AppDelegate.swift */,
				53988F88204D2A2100E41AB9 /* TodoViewController.swift */,
				53988F8A204D2A2A00E41AB9 /* DetailViewController.swift */,
				53988F8C204D2F2500E41AB9 /* TodoModel.swift */,
				53988F92204D487C00E41AB9 /* TodoCell.swift */,
				53988F5E204D29DC00E41AB9 /* Assets.xcassets */,
				53988F60204D29DC00E41AB9 /* LaunchScreen.storyboard */,
				53988F63204D29DC00E41AB9 /* Info.plist */,
			);
			path = TodoList;
			sourceTree = "<group>";
		};
		53988F6B204D29DC00E41AB9 /* TodoListTests */ = {
			isa = PBXGroup;
			children = (
				53988F6C204D29DC00E41AB9 /* TodoListTests.swift */,
				53988F6E204D29DC00E41AB9 /* Info.plist */,
			);
			path = TodoListTests;
			sourceTree = "<group>";
		};
		53988F76204D29DC00E41AB9 /* TodoListUITests */ = {
			isa = PBXGroup;
			children = (
				53988F77204D29DC00E41AB9 /* TodoListUITests.swift */,
				53988F79204D29DC00E41AB9 /* Info.plist */,
			);
			path = TodoListUITests;
			sourceTree = "<group>";
		};
		53988F85204D29FC00E41AB9 /* MainFrames */ = {
			isa = PBXGroup;
			children = (
				53988F86204D2A1000E41AB9 /* HCNavigationController.swift */,
			);
			path = MainFrames;
			sourceTree = "<group>";
		};
/* End PBXGroup section */

/* Begin PBXNativeTarget section */
		53988F53204D29DC00E41AB9 /* TodoList */ = {
			isa = PBXNativeTarget;
			buildConfigurationList = 53988F7C204D29DC00E41AB9 /* Build configuration list for PBXNativeTarget "TodoList" */;
			buildPhases = (
				53988F50204D29DC00E41AB9 /* Sources */,
				53988F51204D29DC00E41AB9 /* Frameworks */,
				53988F52204D29DC00E41AB9 /* Resources */,
			);
			buildRules = (
			);
			dependencies = (
			);
			name = TodoList;
			productName = TodoList;
			productReference = 53988F54204D29DC00E41AB9 /* TodoList.app */;
			productType = "com.apple.product-type.application";
		};
		53988F67204D29DC00E41AB9 /* TodoListTests */ = {
			isa = PBXNativeTarget;
			buildConfigurationList = 53988F7F204D29DC00E41AB9 /* Build configuration list for PBXNativeTarget "TodoListTests" */;
			buildPhases = (
				53988F64204D29DC00E41AB9 /* Sources */,
				53988F65204D29DC00E41AB9 /* Frameworks */,
				53988F66204D29DC00E41AB9 /* Resources */,
			);
			buildRules = (
			);
			dependencies = (
				53988F6A204D29DC00E41AB9 /* PBXTargetDependency */,
			);
			name = TodoListTests;
			productName = TodoListTests;
			productReference = 53988F68204D29DC00E41AB9 /* TodoListTests.xctest */;
			productType = "com.apple.product-type.bundle.unit-test";
		};
		53988F72204D29DC00E41AB9 /* TodoListUITests */ = {
			isa = PBXNativeTarget;
			buildConfigurationList = 53988F82204D29DC00E41AB9 /* Build configuration list for PBXNativeTarget "TodoListUITests" */;
			buildPhases = (
				53988F6F204D29DC00E41AB9 /* Sources */,
				53988F70204D29DC00E41AB9 /* Frameworks */,
				53988F71204D29DC00E41AB9 /* Resources */,
			);
			buildRules = (
			);
			dependencies = (
				53988F75204D29DC00E41AB9 /* PBXTargetDependency */,
			);
			name = TodoListUITests;
			productName = TodoListUITests;
			productReference = 53988F73204D29DC00E41AB9 /* TodoListUITests.xctest */;
			productType = "com.apple.product-type.bundle.ui-testing";
		};
/* End PBXNativeTarget section */

/* Begin PBXProject section */
		53988F4C204D29DC00E41AB9 /* Project object */ = {
			isa = PBXProject;
			attributes = {
				LastSwiftUpdateCheck = 0920;
				LastUpgradeCheck = 0920;
				ORGANIZATIONNAME = maskbrook;
				TargetAttributes = {
					53988F53204D29DC00E41AB9 = {
						CreatedOnToolsVersion = 9.2;
						ProvisioningStyle = Automatic;
					};
					53988F67204D29DC00E41AB9 = {
						CreatedOnToolsVersion = 9.2;
						ProvisioningStyle = Automatic;
						TestTargetID = 53988F53204D29DC00E41AB9;
					};
					53988F72204D29DC00E41AB9 = {
						CreatedOnToolsVersion = 9.2;
						ProvisioningStyle = Automatic;
						TestTargetID = 53988F53204D29DC00E41AB9;
					};
				};
			};
			buildConfigurationList = 53988F4F204D29DC00E41AB9 /* Build configuration list for PBXProject "TodoList" */;
			compatibilityVersion = "Xcode 8.0";
			developmentRegion = en;
			hasScannedForEncodings = 0;
			knownRegions = (
				en,
				Base,
			);
			mainGroup = 53988F4B204D29DC00E41AB9;
			productRefGroup = 53988F55204D29DC00E41AB9 /* Products */;
			projectDirPath = "";
			projectRoot = "";
			targets = (
				53988F53204D29DC00E41AB9 /* TodoList */,
				53988F67204D29DC00E41AB9 /* TodoListTests */,
				53988F72204D29DC00E41AB9 /* TodoListUITests */,
			);
		};
/* End PBXProject section */

/* Begin PBXResourcesBuildPhase section */
		53988F52204D29DC00E41AB9 /* Resources */ = {
			isa = PBXResourcesBuildPhase;
			buildActionMask = 2147483647;
			files = (
				53988F62204D29DC00E41AB9 /* LaunchScreen.storyboard in Resources */,
				53988F5F204D29DC00E41AB9 /* Assets.xcassets in Resources */,
			);
			runOnlyForDeploymentPostprocessing = 0;
		};
		53988F66204D29DC00E41AB9 /* Resources */ = {
			isa = PBXResourcesBuildPhase;
			buildActionMask = 2147483647;
			files = (
			);
			runOnlyForDeploymentPostprocessing = 0;
		};
		53988F71204D29DC00E41AB9 /* Resources */ = {
			isa = PBXResourcesBuildPhase;
			buildActionMask = 2147483647;
			files = (
			);
			runOnlyForDeploymentPostprocessing = 0;
		};
/* End PBXResourcesBuildPhase section */

/* Begin PBXSourcesBuildPhase section */
		53988F50204D29DC00E41AB9 /* Sources */ = {
			isa = PBXSourcesBuildPhase;
			buildActionMask = 2147483647;
			files = (
				53988F89204D2A2100E41AB9 /* TodoViewController.swift in Sources */,
				53988F93204D487C00E41AB9 /* TodoCell.swift in Sources */,
				53988F8B204D2A2A00E41AB9 /* DetailViewController.swift in Sources */,
				53988F87204D2A1000E41AB9 /* HCNavigationController.swift in Sources */,
				53988F8D204D2F2500E41AB9 /* TodoModel.swift in Sources */,
				53988F58204D29DC00E41AB9 /* AppDelegate.swift in Sources */,
			);
			runOnlyForDeploymentPostprocessing = 0;
		};
		53988F64204D29DC00E41AB9 /* Sources */ = {
			isa = PBXSourcesBuildPhase;
			buildActionMask = 2147483647;
			files = (
				53988F6D204D29DC00E41AB9 /* TodoListTests.swift in Sources */,
			);
			runOnlyForDeploymentPostprocessing = 0;
		};
		53988F6F204D29DC00E41AB9 /* Sources */ = {
			isa = PBXSourcesBuildPhase;
			buildActionMask = 2147483647;
			files = (
				53988F78204D29DC00E41AB9 /* TodoListUITests.swift in Sources */,
			);
			runOnlyForDeploymentPostprocessing = 0;
		};
/* End PBXSourcesBuildPhase section */

/* Begin PBXTargetDependency section */
		53988F6A204D29DC00E41AB9 /* PBXTargetDependency */ = {
			isa = PBXTargetDependency;
			target = 53988F53204D29DC00E41AB9 /* TodoList */;
			targetProxy = 53988F69204D29DC00E41AB9 /* PBXContainerItemProxy */;
		};
		53988F75204D29DC00E41AB9 /* PBXTargetDependency */ = {
			isa = PBXTargetDependency;
			target = 53988F53204D29DC00E41AB9 /* TodoList */;
			targetProxy = 53988F74204D29DC00E41AB9 /* PBXContainerItemProxy */;
		};
/* End PBXTargetDependency section */

/* Begin PBXVariantGroup section */
		53988F60204D29DC00E41AB9 /* LaunchScreen.storyboard */ = {
			isa = PBXVariantGroup;
			children = (
				53988F61204D29DC00E41AB9 /* Base */,
			);
			name = LaunchScreen.storyboard;
			sourceTree = "<group>";
		};
/* End PBXVariantGroup section */

/* Begin XCBuildConfiguration section */
		53988F7A204D29DC00E41AB9 /* Debug */ = {
			isa = XCBuildConfiguration;
			buildSettings = {
				ALWAYS_SEARCH_USER_PATHS = NO;
				CLANG_ANALYZER_NONNULL = YES;
				CLANG_ANALYZER_NUMBER_OBJECT_CONVERSION = YES_AGGRESSIVE;
				CLANG_CXX_LANGUAGE_STANDARD = "gnu++14";
				CLANG_CXX_LIBRARY = "libc++";
				CLANG_ENABLE_MODULES = YES;
				CLANG_ENABLE_OBJC_ARC = YES;
				CLANG_WARN_BLOCK_CAPTURE_AUTORELEASING = YES;
				CLANG_WARN_BOOL_CONVERSION = YES;
				CLANG_WARN_COMMA = YES;
				CLANG_WARN_CONSTANT_CONVERSION = YES;
				CLANG_WARN_DIRECT_OBJC_ISA_USAGE = YES_ERROR;
				CLANG_WARN_DOCUMENTATION_COMMENTS = YES;
				CLANG_WARN_EMPTY_BODY = YES;
				CLANG_WARN_ENUM_CONVERSION = YES;
				CLANG_WARN_INFINITE_RECURSION = YES;
				CLANG_WARN_INT_CONVERSION = YES;
				CLANG_WARN_NON_LITERAL_NULL_CONVERSION = YES;
				CLANG_WARN_OBJC_LITERAL_CONVERSION = YES;
				CLANG_WARN_OBJC_ROOT_CLASS = YES_ERROR;
				CLANG_WARN_RANGE_LOOP_ANALYSIS = YES;
				CLANG_WARN_STRICT_PROTOTYPES = YES;
				CLANG_WARN_SUSPICIOUS_MOVE = YES;
				CLANG_WARN_UNGUARDED_AVAILABILITY = YES_AGGRESSIVE;
				CLANG_WARN_UNREACHABLE_CODE = YES;
				CLANG_WARN__DUPLICATE_METHOD_MATCH = YES;
				CODE_SIGN_IDENTITY = "iPhone Developer";
				COPY_PHASE_STRIP = NO;
				DEBUG_INFORMATION_FORMAT = dwarf;
				ENABLE_STRICT_OBJC_MSGSEND = YES;
				ENABLE_TESTABILITY = YES;
				GCC_C_LANGUAGE_STANDARD = gnu11;
				GCC_DYNAMIC_NO_PIC = NO;
				GCC_NO_COMMON_BLOCKS = YES;
				GCC_OPTIMIZATION_LEVEL = 0;
				GCC_PREPROCESSOR_DEFINITIONS = (
					"DEBUG=1",
					"$(inherited)",
				);
				GCC_WARN_64_TO_32_BIT_CONVERSION = YES;
				GCC_WARN_ABOUT_RETURN_TYPE = YES_ERROR;
				GCC_WARN_UNDECLARED_SELECTOR = YES;
				GCC_WARN_UNINITIALIZED_AUTOS = YES_AGGRESSIVE;
				GCC_WARN_UNUSED_FUNCTION = YES;
				GCC_WARN_UNUSED_VARIABLE = YES;
				IPHONEOS_DEPLOYMENT_TARGET = 11.2;
				MTL_ENABLE_DEBUG_INFO = YES;
				ONLY_ACTIVE_ARCH = YES;
				SDKROOT = iphoneos;
				SWIFT_ACTIVE_COMPILATION_CONDITIONS = DEBUG;
				SWIFT_OPTIMIZATION_LEVEL = "-Onone";
			};
			name = Debug;
		};
		53988F7B204D29DC00E41AB9 /* Release */ = {
			isa = XCBuildConfiguration;
			buildSettings = {
				ALWAYS_SEARCH_USER_PATHS = NO;
				CLANG_ANALYZER_NONNULL = YES;
				CLANG_ANALYZER_NUMBER_OBJECT_CONVERSION = YES_AGGRESSIVE;
				CLANG_CXX_LANGUAGE_STANDARD = "gnu++14";
				CLANG_CXX_LIBRARY = "libc++";
				CLANG_ENABLE_MODULES = YES;
				CLANG_ENABLE_OBJC_ARC = YES;
				CLANG_WARN_BLOCK_CAPTURE_AUTORELEASING = YES;
				CLANG_WARN_BOOL_CONVERSION = YES;
				CLANG_WARN_COMMA = YES;
				CLANG_WARN_CONSTANT_CONVERSION = YES;
				CLANG_WARN_DIRECT_OBJC_ISA_USAGE = YES_ERROR;
				CLANG_WARN_DOCUMENTATION_COMMENTS = YES;
				CLANG_WARN_EMPTY_BODY = YES;
				CLANG_WARN_ENUM_CONVERSION = YES;
				CLANG_WARN_INFINITE_RECURSION = YES;
				CLANG_WARN_INT_CONVERSION = YES;
				CLANG_WARN_NON_LITERAL_NULL_CONVERSION = YES;
				CLANG_WARN_OBJC_LITERAL_CONVERSION = YES;
				CLANG_WARN_OBJC_ROOT_CLASS = YES_ERROR;
				CLANG_WARN_RANGE_LOOP_ANALYSIS = YES;
				CLANG_WARN_STRICT_PROTOTYPES = YES;
				CLANG_WARN_SUSPICIOUS_MOVE = YES;
				CLANG_WARN_UNGUARDED_AVAILABILITY = YES_AGGRESSIVE;
				CLANG_WARN_UNREACHABLE_CODE = YES;
				CLANG_WARN__DUPLICATE_METHOD_MATCH = YES;
				CODE_SIGN_IDENTITY = "iPhone Developer";
				COPY_PHASE_STRIP = NO;
				DEBUG_INFORMATION_FORMAT = "dwarf-with-dsym";
				ENABLE_NS_ASSERTIONS = NO;
				ENABLE_STRICT_OBJC_MSGSEND = YES;
				GCC_C_LANGUAGE_STANDARD = gnu11;
				GCC_NO_COMMON_BLOCKS = YES;
				GCC_WARN_64_TO_32_BIT_CONVERSION = YES;
				GCC_WARN_ABOUT_RETURN_TYPE = YES_ERROR;
				GCC_WARN_UNDECLARED_SELECTOR = YES;
				GCC_WARN_UNINITIALIZED_AUTOS = YES_AGGRESSIVE;
				GCC_WARN_UNUSED_FUNCTION = YES;
				GCC_WARN_UNUSED_VARIABLE = YES;
				IPHONEOS_DEPLOYMENT_TARGET = 11.2;
				MTL_ENABLE_DEBUG_INFO = NO;
				SDKROOT = iphoneos;
				SWIFT_OPTIMIZATION_LEVEL = "-Owholemodule";
				VALIDATE_PRODUCT = YES;
			};
			name = Release;
		};
		53988F7D204D29DC00E41AB9 /* Debug */ = {
			isa = XCBuildConfiguration;
			buildSettings = {
				ASSETCATALOG_COMPILER_APPICON_NAME = AppIcon;
				CODE_SIGN_STYLE = Automatic;
				INFOPLIST_FILE = TodoList/Info.plist;
				LD_RUNPATH_SEARCH_PATHS = "$(inherited) @executable_path/Frameworks";
				PRODUCT_BUNDLE_IDENTIFIER = com.hyd.ios.TodoList;
				PRODUCT_NAME = "$(TARGET_NAME)";
				SWIFT_VERSION = 4.0;
				TARGETED_DEVICE_FAMILY = "1,2";
			};
			name = Debug;
		};
		53988F7E204D29DC00E41AB9 /* Release */ = {
			isa = XCBuildConfiguration;
			buildSettings = {
				ASSETCATALOG_COMPILER_APPICON_NAME = AppIcon;
				CODE_SIGN_STYLE = Automatic;
				INFOPLIST_FILE = TodoList/Info.plist;
				LD_RUNPATH_SEARCH_PATHS = "$(inherited) @executable_path/Frameworks";
				PRODUCT_BUNDLE_IDENTIFIER = com.hyd.ios.TodoList;
				PRODUCT_NAME = "$(TARGET_NAME)";
				SWIFT_VERSION = 4.0;
				TARGETED_DEVICE_FAMILY = "1,2";
			};
			name = Release;
		};
		53988F80204D29DC00E41AB9 /* Debug */ = {
			isa = XCBuildConfiguration;
			buildSettings = {
				ALWAYS_EMBED_SWIFT_STANDARD_LIBRARIES = YES;
				BUNDLE_LOADER = "$(TEST_HOST)";
				CODE_SIGN_STYLE = Automatic;
				INFOPLIST_FILE = TodoListTests/Info.plist;
				LD_RUNPATH_SEARCH_PATHS = "$(inherited) @executable_path/Frameworks @loader_path/Frameworks";
				PRODUCT_BUNDLE_IDENTIFIER = com.hyd.ios.TodoListTests;
				PRODUCT_NAME = "$(TARGET_NAME)";
				SWIFT_VERSION = 4.0;
				TARGETED_DEVICE_FAMILY = "1,2";
				TEST_HOST = "$(BUILT_PRODUCTS_DIR)/TodoList.app/TodoList";
			};
			name = Debug;
		};
		53988F81204D29DC00E41AB9 /* Release */ = {
			isa = XCBuildConfiguration;
			buildSettings = {
				ALWAYS_EMBED_SWIFT_STANDARD_LIBRARIES = YES;
				BUNDLE_LOADER = "$(TEST_HOST)";
				CODE_SIGN_STYLE = Automatic;
				INFOPLIST_FILE = TodoListTests/Info.plist;
				LD_RUNPATH_SEARCH_PATHS = "$(inherited) @executable_path/Frameworks @loader_path/Frameworks";
				PRODUCT_BUNDLE_IDENTIFIER = com.hyd.ios.TodoListTests;
				PRODUCT_NAME = "$(TARGET_NAME)";
				SWIFT_VERSION = 4.0;
				TARGETED_DEVICE_FAMILY = "1,2";
				TEST_HOST = "$(BUILT_PRODUCTS_DIR)/TodoList.app/TodoList";
			};
			name = Release;
		};
		53988F83204D29DC00E41AB9 /* Debug */ = {
			isa = XCBuildConfiguration;
			buildSettings = {
				ALWAYS_EMBED_SWIFT_STANDARD_LIBRARIES = YES;
				CODE_SIGN_STYLE = Automatic;
				INFOPLIST_FILE = TodoListUITests/Info.plist;
				LD_RUNPATH_SEARCH_PATHS = "$(inherited) @executable_path/Frameworks @loader_path/Frameworks";
				PRODUCT_BUNDLE_IDENTIFIER = com.hyd.ios.TodoListUITests;
				PRODUCT_NAME = "$(TARGET_NAME)";
				SWIFT_VERSION = 4.0;
				TARGETED_DEVICE_FAMILY = "1,2";
				TEST_TARGET_NAME = TodoList;
			};
			name = Debug;
		};
		53988F84204D29DC00E41AB9 /* Release */ = {
			isa = XCBuildConfiguration;
			buildSettings = {
				ALWAYS_EMBED_SWIFT_STANDARD_LIBRARIES = YES;
				CODE_SIGN_STYLE = Automatic;
				INFOPLIST_FILE = TodoListUITests/Info.plist;
				LD_RUNPATH_SEARCH_PATHS = "$(inherited) @executable_path/Frameworks @loader_path/Frameworks";
				PRODUCT_BUNDLE_IDENTIFIER = com.hyd.ios.TodoListUITests;
				PRODUCT_NAME = "$(TARGET_NAME)";
				SWIFT_VERSION = 4.0;
				TARGETED_DEVICE_FAMILY = "1,2";
				TEST_TARGET_NAME = TodoList;
			};
			name = Release;
		};
/* End XCBuildConfiguration section */

/* Begin XCConfigurationList section */
		53988F4F204D29DC00E41AB9 /* Build configuration list for PBXProject "TodoList" */ = {
			isa = XCConfigurationList;
			buildConfigurations = (
				53988F7A204D29DC00E41AB9 /* Debug */,
				53988F7B204D29DC00E41AB9 /* Release */,
			);
			defaultConfigurationIsVisible = 0;
			defaultConfigurationName = Release;
		};
		53988F7C204D29DC00E41AB9 /* Build configuration list for PBXNativeTarget "TodoList" */ = {
			isa = XCConfigurationList;
			buildConfigurations = (
				53988F7D204D29DC00E41AB9 /* Debug */,
				53988F7E204D29DC00E41AB9 /* Release */,
			);
			defaultConfigurationIsVisible = 0;
			defaultConfigurationName = Release;
		};
		53988F7F204D29DC00E41AB9 /* Build configuration list for PBXNativeTarget "TodoListTests" */ = {
			isa = XCConfigurationList;
			buildConfigurations = (
				53988F80204D29DC00E41AB9 /* Debug */,
				53988F81204D29DC00E41AB9 /* Release */,
			);
			defaultConfigurationIsVisible = 0;
			defaultConfigurationName = Release;
		};
		53988F82204D29DC00E41AB9 /* Build configuration list for PBXNativeTarget "TodoListUITests" */ = {
			isa = XCConfigurationList;
			buildConfigurations = (
				53988F83204D29DC00E41AB9 /* Debug */,
				53988F84204D29DC00E41AB9 /* Release */,
			);
			defaultConfigurationIsVisible = 0;
			defaultConfigurationName = Release;
		};
/* End XCConfigurationList section */
	};
	rootObject = 53988F4C204D29DC00E41AB9 /* Project object */;
}
